{
  "name": "hangman-client",
  "version": "1.0.0",
  "lockfileVersion": 1,
  "requires": true,
  "dependencies": {
    "@aws-amplify/analytics": {
      "version": "1.2.1",
      "resolved": "https://registry.npmjs.org/@aws-amplify/analytics/-/analytics-1.2.1.tgz",
      "integrity": "sha512-f8pxWT2q7hjuHWf6i4/m0e7T2fEaGECa+L+9oNjJnHeUenHgoieZhYiPOUWmqn+tNRrQNSpke1d6JsG0SKcQHQ==",
      "requires": {
        "@aws-amplify/cache": "^1.0.13",
        "@aws-amplify/core": "^1.0.13",
        "aws-sdk": "^2.312.0",
        "uuid": "^3.2.1"
      }
    },
    "@aws-amplify/api": {
      "version": "1.0.15",
      "resolved": "https://registry.npmjs.org/@aws-amplify/api/-/api-1.0.15.tgz",
      "integrity": "sha512-I9plUBhDWQFjnYcedfVS8R99niEQgdOjkm8AhirWkJ87UBVOXGE4tERhLxcWEP02B4/qSAVu9hVVkg2FBzI6zA==",
      "requires": {
        "@aws-amplify/auth": "^1.2.4",
        "@aws-amplify/cache": "^1.0.13",
        "@aws-amplify/core": "^1.0.13",
        "@types/zen-observable": "^0.5.3",
        "axios": "^0.17.0",
        "graphql": "0.13.0",
        "uuid": "^3.2.1",
        "zen-observable": "^0.8.6"
      }
    },
    "@aws-amplify/auth": {
      "version": "1.2.4",
      "resolved": "https://registry.npmjs.org/@aws-amplify/auth/-/auth-1.2.4.tgz",
      "integrity": "sha512-a28HNVlnZTbHGAlNJsjSiYW4y/ANm5ntVwAplH7p1v1JdCeDRxSU5e2Fa1KMjBy5ErsKm5SdJJ1hxM/P1FWVwg==",
      "requires": {
        "@aws-amplify/cache": "^1.0.13",
        "@aws-amplify/core": "^1.0.13",
        "amazon-cognito-auth-js": "^1.1.9",
        "amazon-cognito-identity-js": "^2.0.30"
      }
    },
    "@aws-amplify/cache": {
      "version": "1.0.13",
      "resolved": "https://registry.npmjs.org/@aws-amplify/cache/-/cache-1.0.13.tgz",
      "integrity": "sha512-AyVawfKGqR4z9IlRROBbZDZDD19CFPuSKybCo/A+CD22B8D0LRLTmYOFJqhEVhev42CaHaxicK0XMWvhIOoVvg==",
      "requires": {
        "@aws-amplify/core": "^1.0.13"
      }
    },
    "@aws-amplify/core": {
      "version": "1.0.13",
      "resolved": "https://registry.npmjs.org/@aws-amplify/core/-/core-1.0.13.tgz",
      "integrity": "sha512-CgAMHNZ1DnLV5dTEa0YukF/MLh2qJA1z5rjmvnMqq4ROSwzBvoV0S/kO7DHLLGNnclvYm+LaCRrm1cOwvfo9Vw==",
      "requires": {
        "aws-sdk": "^2.312.0",
        "url": "^0.11.0"
      }
    },
    "@aws-amplify/interactions": {
      "version": "1.0.13",
      "resolved": "https://registry.npmjs.org/@aws-amplify/interactions/-/interactions-1.0.13.tgz",
      "integrity": "sha512-0/gkRWjV992PHw6g76eb1JmSksVzlRKVFtL2kq+SQVSz1PBrBnNZVU6KAzywucOfGy9Bw2Uk+soXLC0kQjPFKw==",
      "requires": {
        "@aws-amplify/core": "^1.0.13",
        "aws-sdk": "^2.312.0"
      }
    },
    "@aws-amplify/pubsub": {
      "version": "1.0.13",
      "resolved": "https://registry.npmjs.org/@aws-amplify/pubsub/-/pubsub-1.0.13.tgz",
      "integrity": "sha512-2752dA8TTtoJQ66ELIbAxjSoUdpJ+iE2rJVBdtHriD1j799g2/uSO3rkfESOJ8SpLaEYNccgSvRDlaMqL8cW0g==",
      "requires": {
        "@aws-amplify/core": "^1.0.13",
        "@types/zen-observable": "^0.5.3",
        "uuid": "^3.2.1",
        "zen-observable": "^0.8.6"
      }
    },
    "@aws-amplify/storage": {
      "version": "1.0.13",
      "resolved": "https://registry.npmjs.org/@aws-amplify/storage/-/storage-1.0.13.tgz",
      "integrity": "sha512-9kxlXHCgmWM80LDozcWa3OBgmg3YbwiTQEf81ngYzpgYZmgQnjKg+SUg4uayAFCQSRQm9LLallVuqOSl8CB+MQ==",
      "requires": {
        "@aws-amplify/core": "^1.0.13",
        "aws-sdk": "^2.312.0"
      }
    },
    "@aws-amplify/xr": {
      "version": "0.1.3",
      "resolved": "https://registry.npmjs.org/@aws-amplify/xr/-/xr-0.1.3.tgz",
      "integrity": "sha512-3zCAaHYLwfIrqchrL8zUElaTrjD05QbZ9L/insDtFM6R/R59+VLilNJ9yc/uASR4mrVe0tWsQG+ziynq597VtQ==",
      "requires": {
        "@aws-amplify/api": "^1.0.15",
        "@aws-amplify/core": "^1.0.13",
        "aws-sdk": "2.198.0"
      },
      "dependencies": {
        "aws-sdk": {
          "version": "2.198.0",
          "resolved": "http://registry.npmjs.org/aws-sdk/-/aws-sdk-2.198.0.tgz",
          "integrity": "sha1-IkUxEzfdyETMNME/P887fqhD9DQ=",
          "requires": {
            "buffer": "4.9.1",
            "events": "^1.1.1",
            "jmespath": "0.15.0",
            "querystring": "0.2.0",
            "sax": "1.2.1",
            "url": "0.10.3",
            "uuid": "3.1.0",
            "xml2js": "0.4.17",
            "xmlbuilder": "4.2.1"
          }
        },
        "url": {
          "version": "0.10.3",
          "resolved": "https://registry.npmjs.org/url/-/url-0.10.3.tgz",
          "integrity": "sha1-Ah5NnHcF8hu/N9A861h2dAJ3TGQ=",
          "requires": {
            "punycode": "1.3.2",
            "querystring": "0.2.0"
          }
        },
        "uuid": {
          "version": "3.1.0",
          "resolved": "https://registry.npmjs.org/uuid/-/uuid-3.1.0.tgz",
          "integrity": "sha512-DIWtzUkw04M4k3bf1IcpS2tngXEL26YUD2M0tMDUpnUrz2hgzUBlD55a4FjdLGPvfHxS6uluGWvaVEqgBcVa+g=="
        },
        "xml2js": {
          "version": "0.4.17",
          "resolved": "https://registry.npmjs.org/xml2js/-/xml2js-0.4.17.tgz",
          "integrity": "sha1-F76T6q4/O3eTWceVtBlwWogX6Gg=",
          "requires": {
            "sax": ">=0.6.0",
            "xmlbuilder": "^4.1.0"
          }
        },
        "xmlbuilder": {
          "version": "4.2.1",
          "resolved": "https://registry.npmjs.org/xmlbuilder/-/xmlbuilder-4.2.1.tgz",
          "integrity": "sha1-qlijBBoGb5DqoWwvU4n/GfP0YaU=",
          "requires": {
            "lodash": "^4.0.0"
          }
        }
      }
    },
    "@types/zen-observable": {
      "version": "0.5.4",
      "resolved": "https://registry.npmjs.org/@types/zen-observable/-/zen-observable-0.5.4.tgz",
      "integrity": "sha512-sW6xN96wUak4tgc89d0tbTg7QDGYhGv5hvQIS6h4mRCd8h2btiZ80loPU8cyLwsBbA4ZeQt0FjvUhJ4rNhdsGg=="
    },
    "@uirouter/angularjs": {
      "version": "1.0.20",
      "resolved": "https://registry.npmjs.org/@uirouter/angularjs/-/angularjs-1.0.20.tgz",
      "integrity": "sha512-fY6bsesTL/tg8gyFHXaIjD1r5b7Ac+SYupodO9OzT4/gKI0YC+uGzLpQESAiXlT3fsxdEPVBzdtAbzXDwCKdEA==",
      "requires": {
        "@uirouter/core": "5.0.21"
      }
    },
    "@uirouter/core": {
      "version": "5.0.21",
      "resolved": "https://registry.npmjs.org/@uirouter/core/-/core-5.0.21.tgz",
      "integrity": "sha512-QWHc0wT00qtYNkT0BXZaFNLLHZyux0qJjF8c2WklW5/Q0Z866NoJjJErEMWjQb/AR+olkR2NlfEEi8KTQU2OpA=="
    },
    "amazon-cognito-auth-js": {
      "version": "1.2.4",
      "resolved": "https://registry.npmjs.org/amazon-cognito-auth-js/-/amazon-cognito-auth-js-1.2.4.tgz",
      "integrity": "sha512-Walq6lIHB+MBOEfg0RBezURTDBKvUO4H9xpW2DBLZT3aDTF+p8awKHe2AujdHYItkefOhdjwu4GqjFgo4RkG+A==",
      "requires": {
        "js-cookie": "^2.1.4"
      }
    },
    "amazon-cognito-identity-js": {
      "version": "2.0.30",
      "resolved": "https://registry.npmjs.org/amazon-cognito-identity-js/-/amazon-cognito-identity-js-2.0.30.tgz",
      "integrity": "sha512-g5/JnpWbZx3dkmjR3ooeuTwsfLtZ6B+4F75AAcT/zLtPruRrANPEtqNf2hVLyHHNwwuLeqezCKasfB/MiojF1g==",
      "requires": {
        "buffer": "4.9.1",
        "crypto-browserify": "1.0.9",
        "js-cookie": "^2.1.4"
      }
    },
    "angular": {
      "version": "1.7.4",
      "resolved": "https://registry.npmjs.org/angular/-/angular-1.7.4.tgz",
      "integrity": "sha512-nYTWc9CpZjTY57l8EA1+DGpQNzI6HewQ34bfRYoGXBYysIoPYjfcgTGWC+Vl3AaeCnhAb3VTkysVESvCBpUIoA=="
    },
    "aws-amplify": {
      "version": "1.1.4",
      "resolved": "https://registry.npmjs.org/aws-amplify/-/aws-amplify-1.1.4.tgz",
      "integrity": "sha512-S5/6+tMEkFK17ywqig1F0e1CBNWC5bgbCNJqDWihP31DRzHAw2CcIuAsaFsRdzdPR5sJ2IaxhT/7wiYv2yQHgg==",
      "requires": {
        "@aws-amplify/analytics": "^1.2.1",
        "@aws-amplify/api": "^1.0.15",
        "@aws-amplify/auth": "^1.2.4",
        "@aws-amplify/cache": "^1.0.13",
        "@aws-amplify/core": "^1.0.13",
        "@aws-amplify/interactions": "^1.0.13",
        "@aws-amplify/pubsub": "^1.0.13",
        "@aws-amplify/storage": "^1.0.13",
        "@aws-amplify/xr": "^0.1.3"
      }
    },
    "aws-sdk": {
      "version": "2.323.0",
      "resolved": "https://registry.npmjs.org/aws-sdk/-/aws-sdk-2.323.0.tgz",
      "integrity": "sha512-w30M8oTXQBd0P8nJeh/vb5Jha1dQ0WGtr8NN6AwDIL/FNBWwdhQ5DWBd8pXbeoXh/uaAhRq9em9ZKxxb1Kmu6Q==",
      "requires": {
        "buffer": "4.9.1",
        "events": "1.1.1",
        "ieee754": "1.1.8",
        "jmespath": "0.15.0",
        "querystring": "0.2.0",
        "sax": "1.2.1",
        "url": "0.10.3",
        "uuid": "3.1.0",
        "xml2js": "0.4.19"
      },
      "dependencies": {
        "url": {
          "version": "0.10.3",
          "resolved": "https://registry.npmjs.org/url/-/url-0.10.3.tgz",
          "integrity": "sha1-Ah5NnHcF8hu/N9A861h2dAJ3TGQ=",
          "requires": {
            "punycode": "1.3.2",
            "querystring": "0.2.0"
          }
        },
        "uuid": {
          "version": "3.1.0",
          "resolved": "https://registry.npmjs.org/uuid/-/uuid-3.1.0.tgz",
          "integrity": "sha512-DIWtzUkw04M4k3bf1IcpS2tngXEL26YUD2M0tMDUpnUrz2hgzUBlD55a4FjdLGPvfHxS6uluGWvaVEqgBcVa+g=="
        }
      }
    },
    "axios": {
      "version": "0.17.1",
      "resolved": "https://registry.npmjs.org/axios/-/axios-0.17.1.tgz",
      "integrity": "sha1-LY4+XQvb1zJ/kbyBT1xXZg+Bgk0=",
      "requires": {
        "follow-redirects": "^1.2.5",
        "is-buffer": "^1.1.5"
      }
    },
    "base64-js": {
      "version": "1.3.0",
      "resolved": "https://registry.npmjs.org/base64-js/-/base64-js-1.3.0.tgz",
      "integrity": "sha512-ccav/yGvoa80BQDljCxsmmQ3Xvx60/UpBIij5QN21W3wBi/hhIC9OoO+KLpu9IJTS9j4DRVJ3aDDF9cMSoa2lw=="
    },
    "bootstrap": {
      "version": "4.1.3",
      "resolved": "https://registry.npmjs.org/bootstrap/-/bootstrap-4.1.3.tgz",
      "integrity": "sha512-rDFIzgXcof0jDyjNosjv4Sno77X4KuPeFxG2XZZv1/Kc8DRVGVADdoQyyOVDwPqL36DDmtCQbrpMCqvpPLJQ0w=="
    },
    "buffer": {
      "version": "4.9.1",
      "resolved": "http://registry.npmjs.org/buffer/-/buffer-4.9.1.tgz",
      "integrity": "sha1-bRu2AbB6TvztlwlBMgkwJ8lbwpg=",
      "requires": {
        "base64-js": "^1.0.2",
        "ieee754": "^1.1.4",
        "isarray": "^1.0.0"
      }
    },
    "crypto-browserify": {
      "version": "1.0.9",
      "resolved": "http://registry.npmjs.org/crypto-browserify/-/crypto-browserify-1.0.9.tgz",
      "integrity": "sha1-zFRJaF37hesRyYKKzHy4erW7/MA="
    },
    "debug": {
      "version": "3.1.0",
      "resolved": "https://registry.npmjs.org/debug/-/debug-3.1.0.tgz",
      "integrity": "sha512-OX8XqP7/1a9cqkxYw2yXss15f26NKWBpDXQd0/uK/KPqdQhxbPa994hnzjcE2VqQpDslf55723cKPUOGSmMY3g==",
      "requires": {
        "ms": "2.0.0"
      }
    },
    "events": {
      "version": "1.1.1",
      "resolved": "https://registry.npmjs.org/events/-/events-1.1.1.tgz",
      "integrity": "sha1-nr23Y1rQmccNzEwqH1AEKI6L2SQ="
    },
    "follow-redirects": {
      "version": "1.5.8",
      "resolved": "https://registry.npmjs.org/follow-redirects/-/follow-redirects-1.5.8.tgz",
      "integrity": "sha512-sy1mXPmv7kLAMKW/8XofG7o9T+6gAjzdZK4AJF6ryqQYUa/hnzgiypoeUecZ53x7XiqKNEpNqLtS97MshW2nxg==",
      "requires": {
        "debug": "=3.1.0"
      }
    },
    "graphql": {
      "version": "0.13.0",
      "resolved": "http://registry.npmjs.org/graphql/-/graphql-0.13.0.tgz",
      "integrity": "sha512-WlO+ZJT9aY3YrBT+H5Kk+eVb3OVVehB9iRD/xqeHdmrrn4AFl5FIcOpfHz/vnBr6Y6JthGMlnFqU8XRnDjSR7A==",
      "requires": {
        "iterall": "1.1.x"
      }
    },
    "ieee754": {
      "version": "1.1.8",
      "resolved": "https://registry.npmjs.org/ieee754/-/ieee754-1.1.8.tgz",
      "integrity": "sha1-vjPUCsEO8ZJnAfbwii2G+/0a0+Q="
    },
    "is-buffer": {
      "version": "1.1.6",
      "resolved": "https://registry.npmjs.org/is-buffer/-/is-buffer-1.1.6.tgz",
      "integrity": "sha512-NcdALwpXkTm5Zvvbk7owOUSvVvBKDgKP5/ewfXEznmQFfs4ZRmanOeKBTjRVjka3QFoN6XJ+9F3USqfHqTaU5w=="
    },
    "isarray": {
      "version": "1.0.0",
      "resolved": "https://registry.npmjs.org/isarray/-/isarray-1.0.0.tgz",
      "integrity": "sha1-u5NdSFgsuhaMBoNJV6VKPgcSTxE="
    },
    "iterall": {
      "version": "1.1.4",
      "resolved": "https://registry.npmjs.org/iterall/-/iterall-1.1.4.tgz",
      "integrity": "sha512-eaDsM/PY8D/X5mYQhecVc5/9xvSHED7yPON+ffQroBeTuqUVm7dfphMkK8NksXuImqZlVRoKtrNfMIVCYIqaUQ=="
    },
    "jmespath": {
      "version": "0.15.0",
      "resolved": "https://registry.npmjs.org/jmespath/-/jmespath-0.15.0.tgz",
      "integrity": "sha1-o/Iiqarp+Wb10nx5ZRDigJF2Qhc="
    },
    "js-cookie": {
      "version": "2.2.0",
      "resolved": "https://registry.npmjs.org/js-cookie/-/js-cookie-2.2.0.tgz",
      "integrity": "sha1-Gywnmm7s44ChIWi5JIUmWzWx7/s="
    },
    "lodash": {
      "version": "4.17.11",
      "resolved": "https://registry.npmjs.org/lodash/-/lodash-4.17.11.tgz",
      "integrity": "sha512-cQKh8igo5QUhZ7lg38DYWAxMvjSAKG0A8wGSVimP07SIUEK2UO+arSRKbRZWtelMtN5V0Hkwh5ryOto/SshYIg=="
    },
    "ms": {
      "version": "2.0.0",
      "resolved": "https://registry.npmjs.org/ms/-/ms-2.0.0.tgz",
      "integrity": "sha1-VgiurfwAvmwpAd9fmGF4jeDVl8g="
    },
    "punycode": {
      "version": "1.3.2",
      "resolved": "https://registry.npmjs.org/punycode/-/punycode-1.3.2.tgz",
      "integrity": "sha1-llOgNvt8HuQjQvIyXM7v6jkmxI0="
    },
    "querystring": {
      "version": "0.2.0",
      "resolved": "https://registry.npmjs.org/querystring/-/querystring-0.2.0.tgz",
      "integrity": "sha1-sgmEkgO7Jd+CDadW50cAWHhSFiA="
    },
    "sax": {
      "version": "1.2.1",
      "resolved": "http://registry.npmjs.org/sax/-/sax-1.2.1.tgz",
      "integrity": "sha1-e45lYZCyKOgaZq6nSEgNgozS03o="
    },
    "url": {
      "version": "0.11.0",
      "resolved": "https://registry.npmjs.org/url/-/url-0.11.0.tgz",
      "integrity": "sha1-ODjpfPxgUh63PFJajlW/3Z4uKPE=",
      "requires": {
        "punycode": "1.3.2",
        "querystring": "0.2.0"
      }
    },
    "uuid": {
      "version": "3.3.2",
      "resolved": "https://registry.npmjs.org/uuid/-/uuid-3.3.2.tgz",
      "integrity": "sha512-yXJmeNaw3DnnKAOKJE51sL/ZaYfWJRl1pK9dr19YFCu0ObS231AB1/LbqTKRAQ5kw8A90rA6fr4riOUpTZvQZA=="
    },
    "xml2js": {
      "version": "0.4.19",
      "resolved": "https://registry.npmjs.org/xml2js/-/xml2js-0.4.19.tgz",
      "integrity": "sha512-esZnJZJOiJR9wWKMyuvSE1y6Dq5LCuJanqhxslH2bxM6duahNZ+HMpCLhBQGZkbX6xRf8x1Y2eJlgt2q3qo49Q==",
      "requires": {
        "sax": ">=0.6.0",
        "xmlbuilder": "~9.0.1"
      }
    },
    "xmlbuilder": {
      "version": "9.0.7",
      "resolved": "https://registry.npmjs.org/xmlbuilder/-/xmlbuilder-9.0.7.tgz",
      "integrity": "sha1-Ey7mPS7FVlxVfiD0wi35rKaGsQ0="
    },
    "zen-observable": {
      "version": "0.8.9",
      "resolved": "https://registry.npmjs.org/zen-observable/-/zen-observable-0.8.9.tgz",
      "integrity": "sha512-Y9kPzjGvIZ5jchSlqlCpBW3I82zBBL4z+ulXDRVA1NwsKzjt5kwAi+gOYIy0htNkfuehGZZtP5mRXHRV6TjDWw=="
    }
  }
}
